
Microsoft Visual Studio Solution File, Format Version 12.00
# Visual Studio Version 17
VisualStudioVersion = 17.5.33530.505
MinimumVisualStudioVersion = 10.0.40219.1
Project("{FAE04EC0-301F-11D3-BF4B-00C04F79EFBC}") = "Bookworm", "Bookworm\Bookworm.csproj", "{BF29B06C-D6E6-416D-B613-022EF5491F5D}"
EndProject
Global
	GlobalSection(SolutionConfigurationPlatforms) = preSolution
		Debug|Any CPU = Debug|Any CPU
		Release|Any CPU = Release|Any CPU
	EndGlobalSection
	GlobalSection(ProjectConfigurationPlatforms) = postSolution
		{BF29B06C-D6E6-416D-B613-022EF5491F5D}.Debug|Any CPU.ActiveCfg = Debug|Any CPU
		{BF29B06C-D6E6-416D-B613-022EF5491F5D}.Debug|Any CPU.Build.0 = Debug|Any CPU
		{BF29B06C-D6E6-416D-B613-022EF5491F5D}.Release|Any CPU.ActiveCfg = Release|Any CPU
		{BF29B06C-D6E6-416D-B613-022EF5491F5D}.Release|Any CPU.Build.0 = Release|Any CPU
	EndGlobalSection
	GlobalSection(SolutionProperties) = preSolution
		HideSolutionNode = FALSE
	EndGlobalSection
	GlobalSection(ExtensibilityGlobals) = postSolution
		SolutionGuid = {B4CFAC6E-DEE2-45A3-AEA6-87A2EE77E9B6}
	EndGlobalSection
EndGlobal
